
Microsoft Visual Studio Solution File, Format Version 12.00
# Visual Studio 15
VisualStudioVersion = 15.0.26730.10
MinimumVisualStudioVersion = 10.0.40219.1
Project("{FAE04EC0-301F-11D3-BF4B-00C04F79EFBC}") = "mvc1", "mvc1\mvc1.csproj", "{A954AEA3-FCC6-4986-883F-5CB2B18B3B98}"
EndProject
Global
	GlobalSection(SolutionConfigurationPlatforms) = preSolution
		Debug|Any CPU = Debug|Any CPU
		Release|Any CPU = Release|Any CPU
	EndGlobalSection
	GlobalSection(ProjectConfigurationPlatforms) = postSolution
		{A954AEA3-FCC6-4986-883F-5CB2B18B3B98}.Debug|Any CPU.ActiveCfg = Debug|Any CPU
		{A954AEA3-FCC6-4986-883F-5CB2B18B3B98}.Debug|Any CPU.Build.0 = Debug|Any CPU
		{A954AEA3-FCC6-4986-883F-5CB2B18B3B98}.Release|Any CPU.ActiveCfg = Release|Any CPU
		{A954AEA3-FCC6-4986-883F-5CB2B18B3B98}.Release|Any CPU.Build.0 = Release|Any CPU
	EndGlobalSection
	GlobalSection(SolutionProperties) = preSolution
		HideSolutionNode = FALSE
	EndGlobalSection
	GlobalSection(ExtensibilityGlobals) = postSolution
		SolutionGuid = {1E117E96-5C28-4AEE-BBD1-277746AC9FBA}
	EndGlobalSection
EndGlobal
